// !$*UTF8*$!
{
	archiveVersion = 1;
	classes = {
	};
	objectVersion = 55;
	objects = {

/* Begin PBXBuildFile section */
		5382C6BC27D05FA30069E57C /* RandomQuoteViewController.swift in Sources */ = {isa = PBXBuildFile; fileRef = 5382C6BB27D05FA30069E57C /* RandomQuoteViewController.swift */; };
		53C74E0727BDEBCD0089F2E1 /* AppDelegate.swift in Sources */ = {isa = PBXBuildFile; fileRef = 53C74E0627BDEBCD0089F2E1 /* AppDelegate.swift */; };
		53C74E0927BDEBCD0089F2E1 /* SceneDelegate.swift in Sources */ = {isa = PBXBuildFile; fileRef = 53C74E0827BDEBCD0089F2E1 /* SceneDelegate.swift */; };
		53C74E0E27BDEBCD0089F2E1 /* Main.storyboard in Resources */ = {isa = PBXBuildFile; fileRef = 53C74E0C27BDEBCD0089F2E1 /* Main.storyboard */; };
		53C74E1027BDEBD00089F2E1 /* Assets.xcassets in Resources */ = {isa = PBXBuildFile; fileRef = 53C74E0F27BDEBD00089F2E1 /* Assets.xcassets */; };
		53C74E1327BDEBD00089F2E1 /* LaunchScreen.storyboard in Resources */ = {isa = PBXBuildFile; fileRef = 53C74E1127BDEBD00089F2E1 /* LaunchScreen.storyboard */; };
		53C74E1F27BDEC510089F2E1 /* Quote.swift in Sources */ = {isa = PBXBuildFile; fileRef = 53C74E1E27BDEC510089F2E1 /* Quote.swift */; };
		53C74E2127BDEC960089F2E1 /* QuoteService.swift in Sources */ = {isa = PBXBuildFile; fileRef = 53C74E2027BDEC960089F2E1 /* QuoteService.swift */; };
		53C74E2727BDF45A0089F2E1 /* NewQuoteViewController.swift in Sources */ = {isa = PBXBuildFile; fileRef = 53C74E2627BDF45A0089F2E1 /* NewQuoteViewController.swift */; };
		53C74E2F27BDFBF10089F2E1 /* RandomQuoteGeneratorTests.swift in Sources */ = {isa = PBXBuildFile; fileRef = 53C74E2E27BDFBF10089F2E1 /* RandomQuoteGeneratorTests.swift */; };
		53F815C627D6FA3F0017C3FE /* QuotesViewController.swift in Sources */ = {isa = PBXBuildFile; fileRef = 53F815C527D6FA3F0017C3FE /* QuotesViewController.swift */; };
/* End PBXBuildFile section */

/* Begin PBXContainerItemProxy section */
		53C74E3027BDFBF10089F2E1 /* PBXContainerItemProxy */ = {
			isa = PBXContainerItemProxy;
			containerPortal = 53C74DFB27BDEBCC0089F2E1 /* Project object */;
			proxyType = 1;
			remoteGlobalIDString = 53C74E0227BDEBCC0089F2E1;
			remoteInfo = RandomQuoteGenerator;
		};
/* End PBXContainerItemProxy section */

/* Begin PBXFileReference section */
		5382C6BB27D05FA30069E57C /* RandomQuoteViewController.swift */ = {isa = PBXFileReference; lastKnownFileType = sourcecode.swift; path = RandomQuoteViewController.swift; sourceTree = "<group>"; };
		53C74E0327BDEBCC0089F2E1 /* RandomQuoteGenerator.app */ = {isa = PBXFileReference; explicitFileType = wrapper.application; includeInIndex = 0; path = RandomQuoteGenerator.app; sourceTree = BUILT_PRODUCTS_DIR; };
		53C74E0627BDEBCD0089F2E1 /* AppDelegate.swift */ = {isa = PBXFileReference; lastKnownFileType = sourcecode.swift; path = AppDelegate.swift; sourceTree = "<group>"; };
		53C74E0827BDEBCD0089F2E1 /* SceneDelegate.swift */ = {isa = PBXFileReference; lastKnownFileType = sourcecode.swift; path = SceneDelegate.swift; sourceTree = "<group>"; };
		53C74E0D27BDEBCD0089F2E1 /* Base */ = {isa = PBXFileReference; lastKnownFileType = file.storyboard; name = Base; path = Base.lproj/Main.storyboard; sourceTree = "<group>"; };
		53C74E0F27BDEBD00089F2E1 /* Assets.xcassets */ = {isa = PBXFileReference; lastKnownFileType = folder.assetcatalog; path = Assets.xcassets; sourceTree = "<group>"; };
		53C74E1227BDEBD00089F2E1 /* Base */ = {isa = PBXFileReference; lastKnownFileType = file.storyboard; name = Base; path = Base.lproj/LaunchScreen.storyboard; sourceTree = "<group>"; };
		53C74E1427BDEBD00089F2E1 /* Info.plist */ = {isa = PBXFileReference; lastKnownFileType = text.plist.xml; path = Info.plist; sourceTree = "<group>"; };
		53C74E1E27BDEC510089F2E1 /* Quote.swift */ = {isa = PBXFileReference; lastKnownFileType = sourcecode.swift; path = Quote.swift; sourceTree = "<group>"; };
		53C74E2027BDEC960089F2E1 /* QuoteService.swift */ = {isa = PBXFileReference; lastKnownFileType = sourcecode.swift; path = QuoteService.swift; sourceTree = "<group>"; };
		53C74E2627BDF45A0089F2E1 /* NewQuoteViewController.swift */ = {isa = PBXFileReference; lastKnownFileType = sourcecode.swift; path = NewQuoteViewController.swift; sourceTree = "<group>"; };
		53C74E2C27BDFBF10089F2E1 /* RandomQuoteGeneratorTests.xctest */ = {isa = PBXFileReference; explicitFileType = wrapper.cfbundle; includeInIndex = 0; path = RandomQuoteGeneratorTests.xctest; sourceTree = BUILT_PRODUCTS_DIR; };
		53C74E2E27BDFBF10089F2E1 /* RandomQuoteGeneratorTests.swift */ = {isa = PBXFileReference; lastKnownFileType = sourcecode.swift; path = RandomQuoteGeneratorTests.swift; sourceTree = "<group>"; };
		53F815C527D6FA3F0017C3FE /* QuotesViewController.swift */ = {isa = PBXFileReference; lastKnownFileType = sourcecode.swift; path = QuotesViewController.swift; sourceTree = "<group>"; };
/* End PBXFileReference section */

/* Begin PBXFrameworksBuildPhase section */
		53C74E0027BDEBCC0089F2E1 /* Frameworks */ = {
			isa = PBXFrameworksBuildPhase;
			buildActionMask = 2147483647;
			files = (
			);
			runOnlyForDeploymentPostprocessing = 0;
		};
		53C74E2927BDFBF10089F2E1 /* Frameworks */ = {
			isa = PBXFrameworksBuildPhase;
			buildActionMask = 2147483647;
			files = (
			);
			runOnlyForDeploymentPostprocessing = 0;
		};
/* End PBXFrameworksBuildPhase section */

/* Begin PBXGroup section */
		53C74DFA27BDEBCC0089F2E1 = {
			isa = PBXGroup;
			children = (
				53C74E0527BDEBCC0089F2E1 /* RandomQuoteGenerator */,
				53C74E2D27BDFBF10089F2E1 /* RandomQuoteGeneratorTests */,
				53C74E0427BDEBCC0089F2E1 /* Products */,
			);
			sourceTree = "<group>";
		};
		53C74E0427BDEBCC0089F2E1 /* Products */ = {
			isa = PBXGroup;
			children = (
				53C74E0327BDEBCC0089F2E1 /* RandomQuoteGenerator.app */,
				53C74E2C27BDFBF10089F2E1 /* RandomQuoteGeneratorTests.xctest */,
			);
			name = Products;
			sourceTree = "<group>";
		};
		53C74E0527BDEBCC0089F2E1 /* RandomQuoteGenerator */ = {
			isa = PBXGroup;
			children = (
				53C74E1D27BDEBEF0089F2E1 /* Supporting Files */,
				53C74E1A27BDEBDE0089F2E1 /* Model */,
				53C74E1C27BDEBE90089F2E1 /* Controller */,
				53C74E1B27BDEBE40089F2E1 /* View */,
				53C74E0F27BDEBD00089F2E1 /* Assets.xcassets */,
				53C74E1427BDEBD00089F2E1 /* Info.plist */,
			);
			path = RandomQuoteGenerator;
			sourceTree = "<group>";
		};
		53C74E1A27BDEBDE0089F2E1 /* Model */ = {
			isa = PBXGroup;
			children = (
				53C74E1E27BDEC510089F2E1 /* Quote.swift */,
				53C74E2027BDEC960089F2E1 /* QuoteService.swift */,
			);
			path = Model;
			sourceTree = "<group>";
		};
		53C74E1B27BDEBE40089F2E1 /* View */ = {
			isa = PBXGroup;
			children = (
				53C74E0C27BDEBCD0089F2E1 /* Main.storyboard */,
				53C74E1127BDEBD00089F2E1 /* LaunchScreen.storyboard */,
			);
			path = View;
			sourceTree = "<group>";
		};
		53C74E1C27BDEBE90089F2E1 /* Controller */ = {
			isa = PBXGroup;
			children = (
				53C74E2627BDF45A0089F2E1 /* NewQuoteViewController.swift */,
				5382C6BB27D05FA30069E57C /* RandomQuoteViewController.swift */,
				53F815C527D6FA3F0017C3FE /* QuotesViewController.swift */,
			);
			path = Controller;
			sourceTree = "<group>";
		};
		53C74E1D27BDEBEF0089F2E1 /* Supporting Files */ = {
			isa = PBXGroup;
			children = (
				53C74E0627BDEBCD0089F2E1 /* AppDelegate.swift */,
				53C74E0827BDEBCD0089F2E1 /* SceneDelegate.swift */,
			);
			path = "Supporting Files";
			sourceTree = "<group>";
		};
		53C74E2D27BDFBF10089F2E1 /* RandomQuoteGeneratorTests */ = {
			isa = PBXGroup;
			children = (
				53C74E2E27BDFBF10089F2E1 /* RandomQuoteGeneratorTests.swift */,
			);
			path = RandomQuoteGeneratorTests;
			sourceTree = "<group>";
		};
/* End PBXGroup section */

/* Begin PBXNativeTarget section */
		53C74E0227BDEBCC0089F2E1 /* RandomQuoteGenerator */ = {
			isa = PBXNativeTarget;
			buildConfigurationList = 53C74E1727BDEBD00089F2E1 /* Build configuration list for PBXNativeTarget "RandomQuoteGenerator" */;
			buildPhases = (
				53C74DFF27BDEBCC0089F2E1 /* Sources */,
				53C74E0027BDEBCC0089F2E1 /* Frameworks */,
				53C74E0127BDEBCC0089F2E1 /* Resources */,
			);
			buildRules = (
			);
			dependencies = (
			);
			name = RandomQuoteGenerator;
			productName = RandomQuoteGenerator;
			productReference = 53C74E0327BDEBCC0089F2E1 /* RandomQuoteGenerator.app */;
			productType = "com.apple.product-type.application";
		};
		53C74E2B27BDFBF10089F2E1 /* RandomQuoteGeneratorTests */ = {
			isa = PBXNativeTarget;
			buildConfigurationList = 53C74E3227BDFBF10089F2E1 /* Build configuration list for PBXNativeTarget "RandomQuoteGeneratorTests" */;
			buildPhases = (
				53C74E2827BDFBF10089F2E1 /* Sources */,
				53C74E2927BDFBF10089F2E1 /* Frameworks */,
				53C74E2A27BDFBF10089F2E1 /* Resources */,
			);
			buildRules = (
			);
			dependencies = (
				53C74E3127BDFBF10089F2E1 /* PBXTargetDependency */,
			);
			name = RandomQuoteGeneratorTests;
			productName = RandomQuoteGeneratorTests;
			productReference = 53C74E2C27BDFBF10089F2E1 /* RandomQuoteGeneratorTests.xctest */;
			productType = "com.apple.product-type.bundle.unit-test";
		};
/* End PBXNativeTarget section */

/* Begin PBXProject section */
		53C74DFB27BDEBCC0089F2E1 /* Project object */ = {
			isa = PBXProject;
			attributes = {
				BuildIndependentTargetsInParallel = 1;
				LastSwiftUpdateCheck = 1320;
				LastUpgradeCheck = 1320;
				TargetAttributes = {
					53C74E0227BDEBCC0089F2E1 = {
						CreatedOnToolsVersion = 13.2.1;
					};
					53C74E2B27BDFBF10089F2E1 = {
						CreatedOnToolsVersion = 13.2.1;
						TestTargetID = 53C74E0227BDEBCC0089F2E1;
					};
				};
			};
			buildConfigurationList = 53C74DFE27BDEBCC0089F2E1 /* Build configuration list for PBXProject "RandomQuoteGenerator" */;
			compatibilityVersion = "Xcode 13.0";
			developmentRegion = en;
			hasScannedForEncodings = 0;
			knownRegions = (
				en,
				Base,
			);
			mainGroup = 53C74DFA27BDEBCC0089F2E1;
			productRefGroup = 53C74E0427BDEBCC0089F2E1 /* Products */;
			projectDirPath = "";
			projectRoot = "";
			targets = (
				53C74E0227BDEBCC0089F2E1 /* RandomQuoteGenerator */,
				53C74E2B27BDFBF10089F2E1 /* RandomQuoteGeneratorTests */,
			);
		};
/* End PBXProject section */

/* Begin PBXResourcesBuildPhase section */
		53C74E0127BDEBCC0089F2E1 /* Resources */ = {
			isa = PBXResourcesBuildPhase;
			buildActionMask = 2147483647;
			files = (
				53C74E1327BDEBD00089F2E1 /* LaunchScreen.storyboard in Resources */,
				53C74E1027BDEBD00089F2E1 /* Assets.xcassets in Resources */,
				53C74E0E27BDEBCD0089F2E1 /* Main.storyboard in Resources */,
			);
			runOnlyForDeploymentPostprocessing = 0;
		};
		53C74E2A27BDFBF10089F2E1 /* Resources */ = {
			isa = PBXResourcesBuildPhase;
			buildActionMask = 2147483647;
			files = (
			);
			runOnlyForDeploymentPostprocessing = 0;
		};
/* End PBXResourcesBuildPhase section */

/* Begin PBXSourcesBuildPhase section */
		53C74DFF27BDEBCC0089F2E1 /* Sources */ = {
			isa = PBXSourcesBuildPhase;
			buildActionMask = 2147483647;
			files = (
				53C74E1F27BDEC510089F2E1 /* Quote.swift in Sources */,
				53C74E2727BDF45A0089F2E1 /* NewQuoteViewController.swift in Sources */,
				5382C6BC27D05FA30069E57C /* RandomQuoteViewController.swift in Sources */,
				53C74E2127BDEC960089F2E1 /* QuoteService.swift in Sources */,
				53C74E0727BDEBCD0089F2E1 /* AppDelegate.swift in Sources */,
				53C74E0927BDEBCD0089F2E1 /* SceneDelegate.swift in Sources */,
				53F815C627D6FA3F0017C3FE /* QuotesViewController.swift in Sources */,
			);
			runOnlyForDeploymentPostprocessing = 0;
		};
		53C74E2827BDFBF10089F2E1 /* Sources */ = {
			isa = PBXSourcesBuildPhase;
			buildActionMask = 2147483647;
			files = (
				53C74E2F27BDFBF10089F2E1 /* RandomQuoteGeneratorTests.swift in Sources */,
			);
			runOnlyForDeploymentPostprocessing = 0;
		};
/* End PBXSourcesBuildPhase section */

/* Begin PBXTargetDependency section */
		53C74E3127BDFBF10089F2E1 /* PBXTargetDependency */ = {
			isa = PBXTargetDependency;
			target = 53C74E0227BDEBCC0089F2E1 /* RandomQuoteGenerator */;
			targetProxy = 53C74E3027BDFBF10089F2E1 /* PBXContainerItemProxy */;
		};
/* End PBXTargetDependency section */

/* Begin PBXVariantGroup section */
		53C74E0C27BDEBCD0089F2E1 /* Main.storyboard */ = {
			isa = PBXVariantGroup;
			children = (
				53C74E0D27BDEBCD0089F2E1 /* Base */,
			);
			name = Main.storyboard;
			sourceTree = "<group>";
		};
		53C74E1127BDEBD00089F2E1 /* LaunchScreen.storyboard */ = {
			isa = PBXVariantGroup;
			children = (
				53C74E1227BDEBD00089F2E1 /* Base */,
			);
			name = LaunchScreen.storyboard;
			sourceTree = "<group>";
		};
/* End PBXVariantGroup section */

/* Begin XCBuildConfiguration section */
		53C74E1527BDEBD00089F2E1 /* Debug */ = {
			isa = XCBuildConfiguration;
			buildSettings = {
				ALWAYS_SEARCH_USER_PATHS = NO;
				CLANG_ANALYZER_NONNULL = YES;
				CLANG_ANALYZER_NUMBER_OBJECT_CONVERSION = YES_AGGRESSIVE;
				CLANG_CXX_LANGUAGE_STANDARD = "gnu++17";
				CLANG_CXX_LIBRARY = "libc++";
				CLANG_ENABLE_MODULES = YES;
				CLANG_ENABLE_OBJC_ARC = YES;
				CLANG_ENABLE_OBJC_WEAK = YES;
				CLANG_WARN_BLOCK_CAPTURE_AUTORELEASING = YES;
				CLANG_WARN_BOOL_CONVERSION = YES;
				CLANG_WARN_COMMA = YES;
				CLANG_WARN_CONSTANT_CONVERSION = YES;
				CLANG_WARN_DEPRECATED_OBJC_IMPLEMENTATIONS = YES;
				CLANG_WARN_DIRECT_OBJC_ISA_USAGE = YES_ERROR;
				CLANG_WARN_DOCUMENTATION_COMMENTS = YES;
				CLANG_WARN_EMPTY_BODY = YES;
				CLANG_WARN_ENUM_CONVERSION = YES;
				CLANG_WARN_INFINITE_RECURSION = YES;
				CLANG_WARN_INT_CONVERSION = YES;
				CLANG_WARN_NON_LITERAL_NULL_CONVERSION = YES;
				CLANG_WARN_OBJC_IMPLICIT_RETAIN_SELF = YES;
				CLANG_WARN_OBJC_LITERAL_CONVERSION = YES;
				CLANG_WARN_OBJC_ROOT_CLASS = YES_ERROR;
				CLANG_WARN_QUOTED_INCLUDE_IN_FRAMEWORK_HEADER = YES;
				CLANG_WARN_RANGE_LOOP_ANALYSIS = YES;
				CLANG_WARN_STRICT_PROTOTYPES = YES;
				CLANG_WARN_SUSPICIOUS_MOVE = YES;
				CLANG_WARN_UNGUARDED_AVAILABILITY = YES_AGGRESSIVE;
				CLANG_WARN_UNREACHABLE_CODE = YES;
				CLANG_WARN__DUPLICATE_METHOD_MATCH = YES;
				COPY_PHASE_STRIP = NO;
				DEBUG_INFORMATION_FORMAT = dwarf;
				ENABLE_STRICT_OBJC_MSGSEND = YES;
				ENABLE_TESTABILITY = YES;
				GCC_C_LANGUAGE_STANDARD = gnu11;
				GCC_DYNAMIC_NO_PIC = NO;
				GCC_NO_COMMON_BLOCKS = YES;
				GCC_OPTIMIZATION_LEVEL = 0;
				GCC_PREPROCESSOR_DEFINITIONS = (
					"DEBUG=1",
					"$(inherited)",
				);
				GCC_WARN_64_TO_32_BIT_CONVERSION = YES;
				GCC_WARN_ABOUT_RETURN_TYPE = YES_ERROR;
				GCC_WARN_UNDECLARED_SELECTOR = YES;
				GCC_WARN_UNINITIALIZED_AUTOS = YES_AGGRESSIVE;
				GCC_WARN_UNUSED_FUNCTION = YES;
				GCC_WARN_UNUSED_VARIABLE = YES;
				IPHONEOS_DEPLOYMENT_TARGET = 15.2;
				MTL_ENABLE_DEBUG_INFO = INCLUDE_SOURCE;
				MTL_FAST_MATH = YES;
				ONLY_ACTIVE_ARCH = YES;
				SDKROOT = iphoneos;
				SWIFT_ACTIVE_COMPILATION_CONDITIONS = DEBUG;
				SWIFT_OPTIMIZATION_LEVEL = "-Onone";
			};
			name = Debug;
		};
		53C74E1627BDEBD00089F2E1 /* Release */ = {
			isa = XCBuildConfiguration;
			buildSettings = {
				ALWAYS_SEARCH_USER_PATHS = NO;
				CLANG_ANALYZER_NONNULL = YES;
				CLANG_ANALYZER_NUMBER_OBJECT_CONVERSION = YES_AGGRESSIVE;
				CLANG_CXX_LANGUAGE_STANDARD = "gnu++17";
				CLANG_CXX_LIBRARY = "libc++";
				CLANG_ENABLE_MODULES = YES;
				CLANG_ENABLE_OBJC_ARC = YES;
				CLANG_ENABLE_OBJC_WEAK = YES;
				CLANG_WARN_BLOCK_CAPTURE_AUTORELEASING = YES;
				CLANG_WARN_BOOL_CONVERSION = YES;
				CLANG_WARN_COMMA = YES;
				CLANG_WARN_CONSTANT_CONVERSION = YES;
				CLANG_WARN_DEPRECATED_OBJC_IMPLEMENTATIONS = YES;
				CLANG_WARN_DIRECT_OBJC_ISA_USAGE = YES_ERROR;
				CLANG_WARN_DOCUMENTATION_COMMENTS = YES;
				CLANG_WARN_EMPTY_BODY = YES;
				CLANG_WARN_ENUM_CONVERSION = YES;
				CLANG_WARN_INFINITE_RECURSION = YES;
				CLANG_WARN_INT_CONVERSION = YES;
				CLANG_WARN_NON_LITERAL_NULL_CONVERSION = YES;
				CLANG_WARN_OBJC_IMPLICIT_RETAIN_SELF = YES;
				CLANG_WARN_OBJC_LITERAL_CONVERSION = YES;
				CLANG_WARN_OBJC_ROOT_CLASS = YES_ERROR;
				CLANG_WARN_QUOTED_INCLUDE_IN_FRAMEWORK_HEADER = YES;
				CLANG_WARN_RANGE_LOOP_ANALYSIS = YES;
				CLANG_WARN_STRICT_PROTOTYPES = YES;
				CLANG_WARN_SUSPICIOUS_MOVE = YES;
				CLANG_WARN_UNGUARDED_AVAILABILITY = YES_AGGRESSIVE;
				CLANG_WARN_UNREACHABLE_CODE = YES;
				CLANG_WARN__DUPLICATE_METHOD_MATCH = YES;
				COPY_PHASE_STRIP = NO;
				DEBUG_INFORMATION_FORMAT = "dwarf-with-dsym";
				ENABLE_NS_ASSERTIONS = NO;
				ENABLE_STRICT_OBJC_MSGSEND = YES;
				GCC_C_LANGUAGE_STANDARD = gnu11;
				GCC_NO_COMMON_BLOCKS = YES;
				GCC_WARN_64_TO_32_BIT_CONVERSION = YES;
				GCC_WARN_ABOUT_RETURN_TYPE = YES_ERROR;
				GCC_WARN_UNDECLARED_SELECTOR = YES;
				GCC_WARN_UNINITIALIZED_AUTOS = YES_AGGRESSIVE;
				GCC_WARN_UNUSED_FUNCTION = YES;
				GCC_WARN_UNUSED_VARIABLE = YES;
				IPHONEOS_DEPLOYMENT_TARGET = 15.2;
				MTL_ENABLE_DEBUG_INFO = NO;
				MTL_FAST_MATH = YES;
				SDKROOT = iphoneos;
				SWIFT_COMPILATION_MODE = wholemodule;
				SWIFT_OPTIMIZATION_LEVEL = "-O";
				VALIDATE_PRODUCT = YES;
			};
			name = Release;
		};
		53C74E1827BDEBD00089F2E1 /* Debug */ = {
			isa = XCBuildConfiguration;
			buildSettings = {
				ASSETCATALOG_COMPILER_APPICON_NAME = AppIcon;
				ASSETCATALOG_COMPILER_GLOBAL_ACCENT_COLOR_NAME = AccentColor;
				CODE_SIGN_STYLE = Automatic;
				CURRENT_PROJECT_VERSION = 1;
				GENERATE_INFOPLIST_FILE = YES;
				INFOPLIST_FILE = RandomQuoteGenerator/Info.plist;
				INFOPLIST_KEY_UIApplicationSupportsIndirectInputEvents = YES;
				INFOPLIST_KEY_UILaunchStoryboardName = LaunchScreen;
				INFOPLIST_KEY_UIMainStoryboardFile = Main;
				INFOPLIST_KEY_UISupportedInterfaceOrientations_iPad = "UIInterfaceOrientationPortrait UIInterfaceOrientationPortraitUpsideDown UIInterfaceOrientationLandscapeLeft UIInterfaceOrientationLandscapeRight";
				INFOPLIST_KEY_UISupportedInterfaceOrientations_iPhone = "UIInterfaceOrientationPortrait UIInterfaceOrientationLandscapeLeft UIInterfaceOrientationLandscapeRight";
				LD_RUNPATH_SEARCH_PATHS = (
					"$(inherited)",
					"@executable_path/Frameworks",
				);
				MARKETING_VERSION = 1.0;
				PRODUCT_BUNDLE_IDENTIFIER = edu.usc.RandomQuoteGenerator;
				PRODUCT_NAME = "$(TARGET_NAME)";
				SWIFT_EMIT_LOC_STRINGS = YES;
				SWIFT_VERSION = 5.0;
				TARGETED_DEVICE_FAMILY = "1,2";
			};
			name = Debug;
		};
		53C74E1927BDEBD00089F2E1 /* Release */ = {
			isa = XCBuildConfiguration;
			buildSettings = {
				ASSETCATALOG_COMPILER_APPICON_NAME = AppIcon;
				ASSETCATALOG_COMPILER_GLOBAL_ACCENT_COLOR_NAME = AccentColor;
				CODE_SIGN_STYLE = Automatic;
				CURRENT_PROJECT_VERSION = 1;
				GENERATE_INFOPLIST_FILE = YES;
				INFOPLIST_FILE = RandomQuoteGenerator/Info.plist;
				INFOPLIST_KEY_UIApplicationSupportsIndirectInputEvents = YES;
				INFOPLIST_KEY_UILaunchStoryboardName = LaunchScreen;
				INFOPLIST_KEY_UIMainStoryboardFile = Main;
				INFOPLIST_KEY_UISupportedInterfaceOrientations_iPad = "UIInterfaceOrientationPortrait UIInterfaceOrientationPortraitUpsideDown UIInterfaceOrientationLandscapeLeft UIInterfaceOrientationLandscapeRight";
				INFOPLIST_KEY_UISupportedInterfaceOrientations_iPhone = "UIInterfaceOrientationPortrait UIInterfaceOrientationLandscapeLeft UIInterfaceOrientationLandscapeRight";
				LD_RUNPATH_SEARCH_PATHS = (
					"$(inherited)",
					"@executable_path/Frameworks",
				);
				MARKETING_VERSION = 1.0;
				PRODUCT_BUNDLE_IDENTIFIER = edu.usc.RandomQuoteGenerator;
				PRODUCT_NAME = "$(TARGET_NAME)";
				SWIFT_EMIT_LOC_STRINGS = YES;
				SWIFT_VERSION = 5.0;
				TARGETED_DEVICE_FAMILY = "1,2";
			};
			name = Release;
		};
		53C74E3327BDFBF10089F2E1 /* Debug */ = {
			isa = XCBuildConfiguration;
			buildSettings = {
				BUNDLE_LOADER = "$(TEST_HOST)";
				CODE_SIGN_STYLE = Automatic;
				CURRENT_PROJECT_VERSION = 1;
				GENERATE_INFOPLIST_FILE = YES;
				MARKETING_VERSION = 1.0;
				PRODUCT_BUNDLE_IDENTIFIER = edu.usc.RandomQuoteGeneratorTests;
				PRODUCT_NAME = "$(TARGET_NAME)";
				SWIFT_EMIT_LOC_STRINGS = NO;
				SWIFT_VERSION = 5.0;
				TARGETED_DEVICE_FAMILY = "1,2";
				TEST_HOST = "$(BUILT_PRODUCTS_DIR)/RandomQuoteGenerator.app/RandomQuoteGenerator";
			};
			name = Debug;
		};
		53C74E3427BDFBF10089F2E1 /* Release */ = {
			isa = XCBuildConfiguration;
			buildSettings = {
				BUNDLE_LOADER = "$(TEST_HOST)";
				CODE_SIGN_STYLE = Automatic;
				CURRENT_PROJECT_VERSION = 1;
				GENERATE_INFOPLIST_FILE = YES;
				MARKETING_VERSION = 1.0;
				PRODUCT_BUNDLE_IDENTIFIER = edu.usc.RandomQuoteGeneratorTests;
				PRODUCT_NAME = "$(TARGET_NAME)";
				SWIFT_EMIT_LOC_STRINGS = NO;
				SWIFT_VERSION = 5.0;
				TARGETED_DEVICE_FAMILY = "1,2";
				TEST_HOST = "$(BUILT_PRODUCTS_DIR)/RandomQuoteGenerator.app/RandomQuoteGenerator";
			};
			name = Release;
		};
/* End XCBuildConfiguration section */

/* Begin XCConfigurationList section */
		53C74DFE27BDEBCC0089F2E1 /* Build configuration list for PBXProject "RandomQuoteGenerator" */ = {
			isa = XCConfigurationList;
			buildConfigurations = (
				53C74E1527BDEBD00089F2E1 /* Debug */,
				53C74E1627BDEBD00089F2E1 /* Release */,
			);
			defaultConfigurationIsVisible = 0;
			defaultConfigurationName = Release;
		};
		53C74E1727BDEBD00089F2E1 /* Build configuration list for PBXNativeTarget "RandomQuoteGenerator" */ = {
			isa = XCConfigurationList;
			buildConfigurations = (
				53C74E1827BDEBD00089F2E1 /* Debug */,
				53C74E1927BDEBD00089F2E1 /* Release */,
			);
			defaultConfigurationIsVisible = 0;
			defaultConfigurationName = Release;
		};
		53C74E3227BDFBF10089F2E1 /* Build configuration list for PBXNativeTarget "RandomQuoteGeneratorTests" */ = {
			isa = XCConfigurationList;
			buildConfigurations = (
				53C74E3327BDFBF10089F2E1 /* Debug */,
				53C74E3427BDFBF10089F2E1 /* Release */,
			);
			defaultConfigurationIsVisible = 0;
			defaultConfigurationName = Release;
		};
/* End XCConfigurationList section */
	};
	rootObject = 53C74DFB27BDEBCC0089F2E1 /* Project object */;
}
