// !$*UTF8*$!
{
	archiveVersion = 1;
	classes = {
	};
	objectVersion = 55;
	objects = {

/* Begin PBXBuildFile section */
		5382C6CA27D06D8A0069E57C /* AppDelegate.swift in Sources */ = {isa = PBXBuildFile; fileRef = 5382C6C927D06D8A0069E57C /* AppDelegate.swift */; };
		5382C6CC27D06D8A0069E57C /* SceneDelegate.swift in Sources */ = {isa = PBXBuildFile; fileRef = 5382C6CB27D06D8A0069E57C /* SceneDelegate.swift */; };
		5382C6CE27D06D8A0069E57C /* ViewController.swift in Sources */ = {isa = PBXBuildFile; fileRef = 5382C6CD27D06D8A0069E57C /* ViewController.swift */; };
		5382C6D127D06D8A0069E57C /* Main.storyboard in Resources */ = {isa = PBXBuildFile; fileRef = 5382C6CF27D06D8A0069E57C /* Main.storyboard */; };
		5382C6D327D06D8E0069E57C /* Assets.xcassets in Resources */ = {isa = PBXBuildFile; fileRef = 5382C6D227D06D8E0069E57C /* Assets.xcassets */; };
		5382C6D627D06D8E0069E57C /* LaunchScreen.storyboard in Resources */ = {isa = PBXBuildFile; fileRef = 5382C6D427D06D8E0069E57C /* LaunchScreen.storyboard */; };
		5382C6E127D06D8E0069E57C /* TableViewDemoTests.swift in Sources */ = {isa = PBXBuildFile; fileRef = 5382C6E027D06D8E0069E57C /* TableViewDemoTests.swift */; };
		5382C6EB27D06D8E0069E57C /* TableViewDemoUITests.swift in Sources */ = {isa = PBXBuildFile; fileRef = 5382C6EA27D06D8E0069E57C /* TableViewDemoUITests.swift */; };
		5382C6ED27D06D8E0069E57C /* TableViewDemoUITestsLaunchTests.swift in Sources */ = {isa = PBXBuildFile; fileRef = 5382C6EC27D06D8E0069E57C /* TableViewDemoUITestsLaunchTests.swift */; };
		5382C6FA27D070A90069E57C /* ExampleTableViewController.swift in Sources */ = {isa = PBXBuildFile; fileRef = 5382C6F927D070A90069E57C /* ExampleTableViewController.swift */; };
/* End PBXBuildFile section */

/* Begin PBXContainerItemProxy section */
		5382C6DD27D06D8E0069E57C /* PBXContainerItemProxy */ = {
			isa = PBXContainerItemProxy;
			containerPortal = 5382C6BE27D06D8A0069E57C /* Project object */;
			proxyType = 1;
			remoteGlobalIDString = 5382C6C527D06D8A0069E57C;
			remoteInfo = TableViewDemo;
		};
		5382C6E727D06D8E0069E57C /* PBXContainerItemProxy */ = {
			isa = PBXContainerItemProxy;
			containerPortal = 5382C6BE27D06D8A0069E57C /* Project object */;
			proxyType = 1;
			remoteGlobalIDString = 5382C6C527D06D8A0069E57C;
			remoteInfo = TableViewDemo;
		};
/* End PBXContainerItemProxy section */

/* Begin PBXFileReference section */
		5382C6C627D06D8A0069E57C /* TableViewDemo.app */ = {isa = PBXFileReference; explicitFileType = wrapper.application; includeInIndex = 0; path = TableViewDemo.app; sourceTree = BUILT_PRODUCTS_DIR; };
		5382C6C927D06D8A0069E57C /* AppDelegate.swift */ = {isa = PBXFileReference; lastKnownFileType = sourcecode.swift; path = AppDelegate.swift; sourceTree = "<group>"; };
		5382C6CB27D06D8A0069E57C /* SceneDelegate.swift */ = {isa = PBXFileReference; lastKnownFileType = sourcecode.swift; path = SceneDelegate.swift; sourceTree = "<group>"; };
		5382C6CD27D06D8A0069E57C /* ViewController.swift */ = {isa = PBXFileReference; lastKnownFileType = sourcecode.swift; path = ViewController.swift; sourceTree = "<group>"; };
		5382C6D027D06D8A0069E57C /* Base */ = {isa = PBXFileReference; lastKnownFileType = file.storyboard; name = Base; path = Base.lproj/Main.storyboard; sourceTree = "<group>"; };
		5382C6D227D06D8E0069E57C /* Assets.xcassets */ = {isa = PBXFileReference; lastKnownFileType = folder.assetcatalog; path = Assets.xcassets; sourceTree = "<group>"; };
		5382C6D527D06D8E0069E57C /* Base */ = {isa = PBXFileReference; lastKnownFileType = file.storyboard; name = Base; path = Base.lproj/LaunchScreen.storyboard; sourceTree = "<group>"; };
		5382C6D727D06D8E0069E57C /* Info.plist */ = {isa = PBXFileReference; lastKnownFileType = text.plist.xml; path = Info.plist; sourceTree = "<group>"; };
		5382C6DC27D06D8E0069E57C /* TableViewDemoTests.xctest */ = {isa = PBXFileReference; explicitFileType = wrapper.cfbundle; includeInIndex = 0; path = TableViewDemoTests.xctest; sourceTree = BUILT_PRODUCTS_DIR; };
		5382C6E027D06D8E0069E57C /* TableViewDemoTests.swift */ = {isa = PBXFileReference; lastKnownFileType = sourcecode.swift; path = TableViewDemoTests.swift; sourceTree = "<group>"; };
		5382C6E627D06D8E0069E57C /* TableViewDemoUITests.xctest */ = {isa = PBXFileReference; explicitFileType = wrapper.cfbundle; includeInIndex = 0; path = TableViewDemoUITests.xctest; sourceTree = BUILT_PRODUCTS_DIR; };
		5382C6EA27D06D8E0069E57C /* TableViewDemoUITests.swift */ = {isa = PBXFileReference; lastKnownFileType = sourcecode.swift; path = TableViewDemoUITests.swift; sourceTree = "<group>"; };
		5382C6EC27D06D8E0069E57C /* TableViewDemoUITestsLaunchTests.swift */ = {isa = PBXFileReference; lastKnownFileType = sourcecode.swift; path = TableViewDemoUITestsLaunchTests.swift; sourceTree = "<group>"; };
		5382C6F927D070A90069E57C /* ExampleTableViewController.swift */ = {isa = PBXFileReference; lastKnownFileType = sourcecode.swift; path = ExampleTableViewController.swift; sourceTree = "<group>"; };
/* End PBXFileReference section */

/* Begin PBXFrameworksBuildPhase section */
		5382C6C327D06D8A0069E57C /* Frameworks */ = {
			isa = PBXFrameworksBuildPhase;
			buildActionMask = 2147483647;
			files = (
			);
			runOnlyForDeploymentPostprocessing = 0;
		};
		5382C6D927D06D8E0069E57C /* Frameworks */ = {
			isa = PBXFrameworksBuildPhase;
			buildActionMask = 2147483647;
			files = (
			);
			runOnlyForDeploymentPostprocessing = 0;
		};
		5382C6E327D06D8E0069E57C /* Frameworks */ = {
			isa = PBXFrameworksBuildPhase;
			buildActionMask = 2147483647;
			files = (
			);
			runOnlyForDeploymentPostprocessing = 0;
		};
/* End PBXFrameworksBuildPhase section */

/* Begin PBXGroup section */
		5382C6BD27D06D8A0069E57C = {
			isa = PBXGroup;
			children = (
				5382C6C827D06D8A0069E57C /* TableViewDemo */,
				5382C6DF27D06D8E0069E57C /* TableViewDemoTests */,
				5382C6E927D06D8E0069E57C /* TableViewDemoUITests */,
				5382C6C727D06D8A0069E57C /* Products */,
			);
			sourceTree = "<group>";
		};
		5382C6C727D06D8A0069E57C /* Products */ = {
			isa = PBXGroup;
			children = (
				5382C6C627D06D8A0069E57C /* TableViewDemo.app */,
				5382C6DC27D06D8E0069E57C /* TableViewDemoTests.xctest */,
				5382C6E627D06D8E0069E57C /* TableViewDemoUITests.xctest */,
			);
			name = Products;
			sourceTree = "<group>";
		};
		5382C6C827D06D8A0069E57C /* TableViewDemo */ = {
			isa = PBXGroup;
			children = (
				5382C6C927D06D8A0069E57C /* AppDelegate.swift */,
				5382C6CB27D06D8A0069E57C /* SceneDelegate.swift */,
				5382C6CD27D06D8A0069E57C /* ViewController.swift */,
				5382C6F927D070A90069E57C /* ExampleTableViewController.swift */,
				5382C6CF27D06D8A0069E57C /* Main.storyboard */,
				5382C6D227D06D8E0069E57C /* Assets.xcassets */,
				5382C6D427D06D8E0069E57C /* LaunchScreen.storyboard */,
				5382C6D727D06D8E0069E57C /* Info.plist */,
			);
			path = TableViewDemo;
			sourceTree = "<group>";
		};
		5382C6DF27D06D8E0069E57C /* TableViewDemoTests */ = {
			isa = PBXGroup;
			children = (
				5382C6E027D06D8E0069E57C /* TableViewDemoTests.swift */,
			);
			path = TableViewDemoTests;
			sourceTree = "<group>";
		};
		5382C6E927D06D8E0069E57C /* TableViewDemoUITests */ = {
			isa = PBXGroup;
			children = (
				5382C6EA27D06D8E0069E57C /* TableViewDemoUITests.swift */,
				5382C6EC27D06D8E0069E57C /* TableViewDemoUITestsLaunchTests.swift */,
			);
			path = TableViewDemoUITests;
			sourceTree = "<group>";
		};
/* End PBXGroup section */

/* Begin PBXNativeTarget section */
		5382C6C527D06D8A0069E57C /* TableViewDemo */ = {
			isa = PBXNativeTarget;
			buildConfigurationList = 5382C6F027D06D8E0069E57C /* Build configuration list for PBXNativeTarget "TableViewDemo" */;
			buildPhases = (
				5382C6C227D06D8A0069E57C /* Sources */,
				5382C6C327D06D8A0069E57C /* Frameworks */,
				5382C6C427D06D8A0069E57C /* Resources */,
			);
			buildRules = (
			);
			dependencies = (
			);
			name = TableViewDemo;
			productName = TableViewDemo;
			productReference = 5382C6C627D06D8A0069E57C /* TableViewDemo.app */;
			productType = "com.apple.product-type.application";
		};
		5382C6DB27D06D8E0069E57C /* TableViewDemoTests */ = {
			isa = PBXNativeTarget;
			buildConfigurationList = 5382C6F327D06D8E0069E57C /* Build configuration list for PBXNativeTarget "TableViewDemoTests" */;
			buildPhases = (
				5382C6D827D06D8E0069E57C /* Sources */,
				5382C6D927D06D8E0069E57C /* Frameworks */,
				5382C6DA27D06D8E0069E57C /* Resources */,
			);
			buildRules = (
			);
			dependencies = (
				5382C6DE27D06D8E0069E57C /* PBXTargetDependency */,
			);
			name = TableViewDemoTests;
			productName = TableViewDemoTests;
			productReference = 5382C6DC27D06D8E0069E57C /* TableViewDemoTests.xctest */;
			productType = "com.apple.product-type.bundle.unit-test";
		};
		5382C6E527D06D8E0069E57C /* TableViewDemoUITests */ = {
			isa = PBXNativeTarget;
			buildConfigurationList = 5382C6F627D06D8E0069E57C /* Build configuration list for PBXNativeTarget "TableViewDemoUITests" */;
			buildPhases = (
				5382C6E227D06D8E0069E57C /* Sources */,
				5382C6E327D06D8E0069E57C /* Frameworks */,
				5382C6E427D06D8E0069E57C /* Resources */,
			);
			buildRules = (
			);
			dependencies = (
				5382C6E827D06D8E0069E57C /* PBXTargetDependency */,
			);
			name = TableViewDemoUITests;
			productName = TableViewDemoUITests;
			productReference = 5382C6E627D06D8E0069E57C /* TableViewDemoUITests.xctest */;
			productType = "com.apple.product-type.bundle.ui-testing";
		};
/* End PBXNativeTarget section */

/* Begin PBXProject section */
		5382C6BE27D06D8A0069E57C /* Project object */ = {
			isa = PBXProject;
			attributes = {
				BuildIndependentTargetsInParallel = 1;
				LastSwiftUpdateCheck = 1320;
				LastUpgradeCheck = 1320;
				TargetAttributes = {
					5382C6C527D06D8A0069E57C = {
						CreatedOnToolsVersion = 13.2.1;
					};
					5382C6DB27D06D8E0069E57C = {
						CreatedOnToolsVersion = 13.2.1;
						TestTargetID = 5382C6C527D06D8A0069E57C;
					};
					5382C6E527D06D8E0069E57C = {
						CreatedOnToolsVersion = 13.2.1;
						TestTargetID = 5382C6C527D06D8A0069E57C;
					};
				};
			};
			buildConfigurationList = 5382C6C127D06D8A0069E57C /* Build configuration list for PBXProject "TableViewDemo" */;
			compatibilityVersion = "Xcode 13.0";
			developmentRegion = en;
			hasScannedForEncodings = 0;
			knownRegions = (
				en,
				Base,
			);
			mainGroup = 5382C6BD27D06D8A0069E57C;
			productRefGroup = 5382C6C727D06D8A0069E57C /* Products */;
			projectDirPath = "";
			projectRoot = "";
			targets = (
				5382C6C527D06D8A0069E57C /* TableViewDemo */,
				5382C6DB27D06D8E0069E57C /* TableViewDemoTests */,
				5382C6E527D06D8E0069E57C /* TableViewDemoUITests */,
			);
		};
/* End PBXProject section */

/* Begin PBXResourcesBuildPhase section */
		5382C6C427D06D8A0069E57C /* Resources */ = {
			isa = PBXResourcesBuildPhase;
			buildActionMask = 2147483647;
			files = (
				5382C6D627D06D8E0069E57C /* LaunchScreen.storyboard in Resources */,
				5382C6D327D06D8E0069E57C /* Assets.xcassets in Resources */,
				5382C6D127D06D8A0069E57C /* Main.storyboard in Resources */,
			);
			runOnlyForDeploymentPostprocessing = 0;
		};
		5382C6DA27D06D8E0069E57C /* Resources */ = {
			isa = PBXResourcesBuildPhase;
			buildActionMask = 2147483647;
			files = (
			);
			runOnlyForDeploymentPostprocessing = 0;
		};
		5382C6E427D06D8E0069E57C /* Resources */ = {
			isa = PBXResourcesBuildPhase;
			buildActionMask = 2147483647;
			files = (
			);
			runOnlyForDeploymentPostprocessing = 0;
		};
/* End PBXResourcesBuildPhase section */

/* Begin PBXSourcesBuildPhase section */
		5382C6C227D06D8A0069E57C /* Sources */ = {
			isa = PBXSourcesBuildPhase;
			buildActionMask = 2147483647;
			files = (
				5382C6FA27D070A90069E57C /* ExampleTableViewController.swift in Sources */,
				5382C6CE27D06D8A0069E57C /* ViewController.swift in Sources */,
				5382C6CA27D06D8A0069E57C /* AppDelegate.swift in Sources */,
				5382C6CC27D06D8A0069E57C /* SceneDelegate.swift in Sources */,
			);
			runOnlyForDeploymentPostprocessing = 0;
		};
		5382C6D827D06D8E0069E57C /* Sources */ = {
			isa = PBXSourcesBuildPhase;
			buildActionMask = 2147483647;
			files = (
				5382C6E127D06D8E0069E57C /* TableViewDemoTests.swift in Sources */,
			);
			runOnlyForDeploymentPostprocessing = 0;
		};
		5382C6E227D06D8E0069E57C /* Sources */ = {
			isa = PBXSourcesBuildPhase;
			buildActionMask = 2147483647;
			files = (
				5382C6EB27D06D8E0069E57C /* TableViewDemoUITests.swift in Sources */,
				5382C6ED27D06D8E0069E57C /* TableViewDemoUITestsLaunchTests.swift in Sources */,
			);
			runOnlyForDeploymentPostprocessing = 0;
		};
/* End PBXSourcesBuildPhase section */

/* Begin PBXTargetDependency section */
		5382C6DE27D06D8E0069E57C /* PBXTargetDependency */ = {
			isa = PBXTargetDependency;
			target = 5382C6C527D06D8A0069E57C /* TableViewDemo */;
			targetProxy = 5382C6DD27D06D8E0069E57C /* PBXContainerItemProxy */;
		};
		5382C6E827D06D8E0069E57C /* PBXTargetDependency */ = {
			isa = PBXTargetDependency;
			target = 5382C6C527D06D8A0069E57C /* TableViewDemo */;
			targetProxy = 5382C6E727D06D8E0069E57C /* PBXContainerItemProxy */;
		};
/* End PBXTargetDependency section */

/* Begin PBXVariantGroup section */
		5382C6CF27D06D8A0069E57C /* Main.storyboard */ = {
			isa = PBXVariantGroup;
			children = (
				5382C6D027D06D8A0069E57C /* Base */,
			);
			name = Main.storyboard;
			sourceTree = "<group>";
		};
		5382C6D427D06D8E0069E57C /* LaunchScreen.storyboard */ = {
			isa = PBXVariantGroup;
			children = (
				5382C6D527D06D8E0069E57C /* Base */,
			);
			name = LaunchScreen.storyboard;
			sourceTree = "<group>";
		};
/* End PBXVariantGroup section */

/* Begin XCBuildConfiguration section */
		5382C6EE27D06D8E0069E57C /* Debug */ = {
			isa = XCBuildConfiguration;
			buildSettings = {
				ALWAYS_SEARCH_USER_PATHS = NO;
				CLANG_ANALYZER_NONNULL = YES;
				CLANG_ANALYZER_NUMBER_OBJECT_CONVERSION = YES_AGGRESSIVE;
				CLANG_CXX_LANGUAGE_STANDARD = "gnu++17";
				CLANG_CXX_LIBRARY = "libc++";
				CLANG_ENABLE_MODULES = YES;
				CLANG_ENABLE_OBJC_ARC = YES;
				CLANG_ENABLE_OBJC_WEAK = YES;
				CLANG_WARN_BLOCK_CAPTURE_AUTORELEASING = YES;
				CLANG_WARN_BOOL_CONVERSION = YES;
				CLANG_WARN_COMMA = YES;
				CLANG_WARN_CONSTANT_CONVERSION = YES;
				CLANG_WARN_DEPRECATED_OBJC_IMPLEMENTATIONS = YES;
				CLANG_WARN_DIRECT_OBJC_ISA_USAGE = YES_ERROR;
				CLANG_WARN_DOCUMENTATION_COMMENTS = YES;
				CLANG_WARN_EMPTY_BODY = YES;
				CLANG_WARN_ENUM_CONVERSION = YES;
				CLANG_WARN_INFINITE_RECURSION = YES;
				CLANG_WARN_INT_CONVERSION = YES;
				CLANG_WARN_NON_LITERAL_NULL_CONVERSION = YES;
				CLANG_WARN_OBJC_IMPLICIT_RETAIN_SELF = YES;
				CLANG_WARN_OBJC_LITERAL_CONVERSION = YES;
				CLANG_WARN_OBJC_ROOT_CLASS = YES_ERROR;
				CLANG_WARN_QUOTED_INCLUDE_IN_FRAMEWORK_HEADER = YES;
				CLANG_WARN_RANGE_LOOP_ANALYSIS = YES;
				CLANG_WARN_STRICT_PROTOTYPES = YES;
				CLANG_WARN_SUSPICIOUS_MOVE = YES;
				CLANG_WARN_UNGUARDED_AVAILABILITY = YES_AGGRESSIVE;
				CLANG_WARN_UNREACHABLE_CODE = YES;
				CLANG_WARN__DUPLICATE_METHOD_MATCH = YES;
				COPY_PHASE_STRIP = NO;
				DEBUG_INFORMATION_FORMAT = dwarf;
				ENABLE_STRICT_OBJC_MSGSEND = YES;
				ENABLE_TESTABILITY = YES;
				GCC_C_LANGUAGE_STANDARD = gnu11;
				GCC_DYNAMIC_NO_PIC = NO;
				GCC_NO_COMMON_BLOCKS = YES;
				GCC_OPTIMIZATION_LEVEL = 0;
				GCC_PREPROCESSOR_DEFINITIONS = (
					"DEBUG=1",
					"$(inherited)",
				);
				GCC_WARN_64_TO_32_BIT_CONVERSION = YES;
				GCC_WARN_ABOUT_RETURN_TYPE = YES_ERROR;
				GCC_WARN_UNDECLARED_SELECTOR = YES;
				GCC_WARN_UNINITIALIZED_AUTOS = YES_AGGRESSIVE;
				GCC_WARN_UNUSED_FUNCTION = YES;
				GCC_WARN_UNUSED_VARIABLE = YES;
				IPHONEOS_DEPLOYMENT_TARGET = 15.2;
				MTL_ENABLE_DEBUG_INFO = INCLUDE_SOURCE;
				MTL_FAST_MATH = YES;
				ONLY_ACTIVE_ARCH = YES;
				SDKROOT = iphoneos;
				SWIFT_ACTIVE_COMPILATION_CONDITIONS = DEBUG;
				SWIFT_OPTIMIZATION_LEVEL = "-Onone";
			};
			name = Debug;
		};
		5382C6EF27D06D8E0069E57C /* Release */ = {
			isa = XCBuildConfiguration;
			buildSettings = {
				ALWAYS_SEARCH_USER_PATHS = NO;
				CLANG_ANALYZER_NONNULL = YES;
				CLANG_ANALYZER_NUMBER_OBJECT_CONVERSION = YES_AGGRESSIVE;
				CLANG_CXX_LANGUAGE_STANDARD = "gnu++17";
				CLANG_CXX_LIBRARY = "libc++";
				CLANG_ENABLE_MODULES = YES;
				CLANG_ENABLE_OBJC_ARC = YES;
				CLANG_ENABLE_OBJC_WEAK = YES;
				CLANG_WARN_BLOCK_CAPTURE_AUTORELEASING = YES;
				CLANG_WARN_BOOL_CONVERSION = YES;
				CLANG_WARN_COMMA = YES;
				CLANG_WARN_CONSTANT_CONVERSION = YES;
				CLANG_WARN_DEPRECATED_OBJC_IMPLEMENTATIONS = YES;
				CLANG_WARN_DIRECT_OBJC_ISA_USAGE = YES_ERROR;
				CLANG_WARN_DOCUMENTATION_COMMENTS = YES;
				CLANG_WARN_EMPTY_BODY = YES;
				CLANG_WARN_ENUM_CONVERSION = YES;
				CLANG_WARN_INFINITE_RECURSION = YES;
				CLANG_WARN_INT_CONVERSION = YES;
				CLANG_WARN_NON_LITERAL_NULL_CONVERSION = YES;
				CLANG_WARN_OBJC_IMPLICIT_RETAIN_SELF = YES;
				CLANG_WARN_OBJC_LITERAL_CONVERSION = YES;
				CLANG_WARN_OBJC_ROOT_CLASS = YES_ERROR;
				CLANG_WARN_QUOTED_INCLUDE_IN_FRAMEWORK_HEADER = YES;
				CLANG_WARN_RANGE_LOOP_ANALYSIS = YES;
				CLANG_WARN_STRICT_PROTOTYPES = YES;
				CLANG_WARN_SUSPICIOUS_MOVE = YES;
				CLANG_WARN_UNGUARDED_AVAILABILITY = YES_AGGRESSIVE;
				CLANG_WARN_UNREACHABLE_CODE = YES;
				CLANG_WARN__DUPLICATE_METHOD_MATCH = YES;
				COPY_PHASE_STRIP = NO;
				DEBUG_INFORMATION_FORMAT = "dwarf-with-dsym";
				ENABLE_NS_ASSERTIONS = NO;
				ENABLE_STRICT_OBJC_MSGSEND = YES;
				GCC_C_LANGUAGE_STANDARD = gnu11;
				GCC_NO_COMMON_BLOCKS = YES;
				GCC_WARN_64_TO_32_BIT_CONVERSION = YES;
				GCC_WARN_ABOUT_RETURN_TYPE = YES_ERROR;
				GCC_WARN_UNDECLARED_SELECTOR = YES;
				GCC_WARN_UNINITIALIZED_AUTOS = YES_AGGRESSIVE;
				GCC_WARN_UNUSED_FUNCTION = YES;
				GCC_WARN_UNUSED_VARIABLE = YES;
				IPHONEOS_DEPLOYMENT_TARGET = 15.2;
				MTL_ENABLE_DEBUG_INFO = NO;
				MTL_FAST_MATH = YES;
				SDKROOT = iphoneos;
				SWIFT_COMPILATION_MODE = wholemodule;
				SWIFT_OPTIMIZATION_LEVEL = "-O";
				VALIDATE_PRODUCT = YES;
			};
			name = Release;
		};
		5382C6F127D06D8E0069E57C /* Debug */ = {
			isa = XCBuildConfiguration;
			buildSettings = {
				ASSETCATALOG_COMPILER_APPICON_NAME = AppIcon;
				ASSETCATALOG_COMPILER_GLOBAL_ACCENT_COLOR_NAME = AccentColor;
				CODE_SIGN_STYLE = Automatic;
				CURRENT_PROJECT_VERSION = 1;
				GENERATE_INFOPLIST_FILE = YES;
				INFOPLIST_FILE = TableViewDemo/Info.plist;
				INFOPLIST_KEY_UIApplicationSupportsIndirectInputEvents = YES;
				INFOPLIST_KEY_UILaunchStoryboardName = LaunchScreen;
				INFOPLIST_KEY_UIMainStoryboardFile = Main;
				INFOPLIST_KEY_UISupportedInterfaceOrientations_iPad = "UIInterfaceOrientationPortrait UIInterfaceOrientationPortraitUpsideDown UIInterfaceOrientationLandscapeLeft UIInterfaceOrientationLandscapeRight";
				INFOPLIST_KEY_UISupportedInterfaceOrientations_iPhone = "UIInterfaceOrientationPortrait UIInterfaceOrientationLandscapeLeft UIInterfaceOrientationLandscapeRight";
				LD_RUNPATH_SEARCH_PATHS = (
					"$(inherited)",
					"@executable_path/Frameworks",
				);
				MARKETING_VERSION = 1.0;
				PRODUCT_BUNDLE_IDENTIFIER = edu.usc.TableViewDemo;
				PRODUCT_NAME = "$(TARGET_NAME)";
				SWIFT_EMIT_LOC_STRINGS = YES;
				SWIFT_VERSION = 5.0;
				TARGETED_DEVICE_FAMILY = "1,2";
			};
			name = Debug;
		};
		5382C6F227D06D8E0069E57C /* Release */ = {
			isa = XCBuildConfiguration;
			buildSettings = {
				ASSETCATALOG_COMPILER_APPICON_NAME = AppIcon;
				ASSETCATALOG_COMPILER_GLOBAL_ACCENT_COLOR_NAME = AccentColor;
				CODE_SIGN_STYLE = Automatic;
				CURRENT_PROJECT_VERSION = 1;
				GENERATE_INFOPLIST_FILE = YES;
				INFOPLIST_FILE = TableViewDemo/Info.plist;
				INFOPLIST_KEY_UIApplicationSupportsIndirectInputEvents = YES;
				INFOPLIST_KEY_UILaunchStoryboardName = LaunchScreen;
				INFOPLIST_KEY_UIMainStoryboardFile = Main;
				INFOPLIST_KEY_UISupportedInterfaceOrientations_iPad = "UIInterfaceOrientationPortrait UIInterfaceOrientationPortraitUpsideDown UIInterfaceOrientationLandscapeLeft UIInterfaceOrientationLandscapeRight";
				INFOPLIST_KEY_UISupportedInterfaceOrientations_iPhone = "UIInterfaceOrientationPortrait UIInterfaceOrientationLandscapeLeft UIInterfaceOrientationLandscapeRight";
				LD_RUNPATH_SEARCH_PATHS = (
					"$(inherited)",
					"@executable_path/Frameworks",
				);
				MARKETING_VERSION = 1.0;
				PRODUCT_BUNDLE_IDENTIFIER = edu.usc.TableViewDemo;
				PRODUCT_NAME = "$(TARGET_NAME)";
				SWIFT_EMIT_LOC_STRINGS = YES;
				SWIFT_VERSION = 5.0;
				TARGETED_DEVICE_FAMILY = "1,2";
			};
			name = Release;
		};
		5382C6F427D06D8E0069E57C /* Debug */ = {
			isa = XCBuildConfiguration;
			buildSettings = {
				ALWAYS_EMBED_SWIFT_STANDARD_LIBRARIES = YES;
				BUNDLE_LOADER = "$(TEST_HOST)";
				CODE_SIGN_STYLE = Automatic;
				CURRENT_PROJECT_VERSION = 1;
				GENERATE_INFOPLIST_FILE = YES;
				IPHONEOS_DEPLOYMENT_TARGET = 15.2;
				MARKETING_VERSION = 1.0;
				PRODUCT_BUNDLE_IDENTIFIER = edu.usc.TableViewDemoTests;
				PRODUCT_NAME = "$(TARGET_NAME)";
				SWIFT_EMIT_LOC_STRINGS = NO;
				SWIFT_VERSION = 5.0;
				TARGETED_DEVICE_FAMILY = "1,2";
				TEST_HOST = "$(BUILT_PRODUCTS_DIR)/TableViewDemo.app/TableViewDemo";
			};
			name = Debug;
		};
		5382C6F527D06D8E0069E57C /* Release */ = {
			isa = XCBuildConfiguration;
			buildSettings = {
				ALWAYS_EMBED_SWIFT_STANDARD_LIBRARIES = YES;
				BUNDLE_LOADER = "$(TEST_HOST)";
				CODE_SIGN_STYLE = Automatic;
				CURRENT_PROJECT_VERSION = 1;
				GENERATE_INFOPLIST_FILE = YES;
				IPHONEOS_DEPLOYMENT_TARGET = 15.2;
				MARKETING_VERSION = 1.0;
				PRODUCT_BUNDLE_IDENTIFIER = edu.usc.TableViewDemoTests;
				PRODUCT_NAME = "$(TARGET_NAME)";
				SWIFT_EMIT_LOC_STRINGS = NO;
				SWIFT_VERSION = 5.0;
				TARGETED_DEVICE_FAMILY = "1,2";
				TEST_HOST = "$(BUILT_PRODUCTS_DIR)/TableViewDemo.app/TableViewDemo";
			};
			name = Release;
		};
		5382C6F727D06D8E0069E57C /* Debug */ = {
			isa = XCBuildConfiguration;
			buildSettings = {
				ALWAYS_EMBED_SWIFT_STANDARD_LIBRARIES = YES;
				CODE_SIGN_STYLE = Automatic;
				CURRENT_PROJECT_VERSION = 1;
				GENERATE_INFOPLIST_FILE = YES;
				MARKETING_VERSION = 1.0;
				PRODUCT_BUNDLE_IDENTIFIER = edu.usc.TableViewDemoUITests;
				PRODUCT_NAME = "$(TARGET_NAME)";
				SWIFT_EMIT_LOC_STRINGS = NO;
				SWIFT_VERSION = 5.0;
				TARGETED_DEVICE_FAMILY = "1,2";
				TEST_TARGET_NAME = TableViewDemo;
			};
			name = Debug;
		};
		5382C6F827D06D8E0069E57C /* Release */ = {
			isa = XCBuildConfiguration;
			buildSettings = {
				ALWAYS_EMBED_SWIFT_STANDARD_LIBRARIES = YES;
				CODE_SIGN_STYLE = Automatic;
				CURRENT_PROJECT_VERSION = 1;
				GENERATE_INFOPLIST_FILE = YES;
				MARKETING_VERSION = 1.0;
				PRODUCT_BUNDLE_IDENTIFIER = edu.usc.TableViewDemoUITests;
				PRODUCT_NAME = "$(TARGET_NAME)";
				SWIFT_EMIT_LOC_STRINGS = NO;
				SWIFT_VERSION = 5.0;
				TARGETED_DEVICE_FAMILY = "1,2";
				TEST_TARGET_NAME = TableViewDemo;
			};
			name = Release;
		};
/* End XCBuildConfiguration section */

/* Begin XCConfigurationList section */
		5382C6C127D06D8A0069E57C /* Build configuration list for PBXProject "TableViewDemo" */ = {
			isa = XCConfigurationList;
			buildConfigurations = (
				5382C6EE27D06D8E0069E57C /* Debug */,
				5382C6EF27D06D8E0069E57C /* Release */,
			);
			defaultConfigurationIsVisible = 0;
			defaultConfigurationName = Release;
		};
		5382C6F027D06D8E0069E57C /* Build configuration list for PBXNativeTarget "TableViewDemo" */ = {
			isa = XCConfigurationList;
			buildConfigurations = (
				5382C6F127D06D8E0069E57C /* Debug */,
				5382C6F227D06D8E0069E57C /* Release */,
			);
			defaultConfigurationIsVisible = 0;
			defaultConfigurationName = Release;
		};
		5382C6F327D06D8E0069E57C /* Build configuration list for PBXNativeTarget "TableViewDemoTests" */ = {
			isa = XCConfigurationList;
			buildConfigurations = (
				5382C6F427D06D8E0069E57C /* Debug */,
				5382C6F527D06D8E0069E57C /* Release */,
			);
			defaultConfigurationIsVisible = 0;
			defaultConfigurationName = Release;
		};
		5382C6F627D06D8E0069E57C /* Build configuration list for PBXNativeTarget "TableViewDemoUITests" */ = {
			isa = XCConfigurationList;
			buildConfigurations = (
				5382C6F727D06D8E0069E57C /* Debug */,
				5382C6F827D06D8E0069E57C /* Release */,
			);
			defaultConfigurationIsVisible = 0;
			defaultConfigurationName = Release;
		};
/* End XCConfigurationList section */
	};
	rootObject = 5382C6BE27D06D8A0069E57C /* Project object */;
}
